// !$*UTF8*$!
{
	archiveVersion = 1;
	classes = {
	};
	objectVersion = 46;
	objects = {

/* Begin PBXBuildFile section */
		13ABD05C1EE10A1400E4DE2E /* main.m in Sources */ = {isa = PBXBuildFile; fileRef = 13ABD05B1EE10A1400E4DE2E /* main.m */; };
		13ABD05F1EE10A1400E4DE2E /* AppDelegate.m in Sources */ = {isa = PBXBuildFile; fileRef = 13ABD05E1EE10A1400E4DE2E /* AppDelegate.m */; };
		13ABD0621EE10A1400E4DE2E /* ViewController.m in Sources */ = {isa = PBXBuildFile; fileRef = 13ABD0611EE10A1400E4DE2E /* ViewController.m */; };
		13ABD0651EE10A1400E4DE2E /* Main.storyboard in Resources */ = {isa = PBXBuildFile; fileRef = 13ABD0631EE10A1400E4DE2E /* Main.storyboard */; };
		13ABD0671EE10A1400E4DE2E /* Assets.xcassets in Resources */ = {isa = PBXBuildFile; fileRef = 13ABD0661EE10A1400E4DE2E /* Assets.xcassets */; };
		13ABD06A1EE10A1400E4DE2E /* LaunchScreen.storyboard in Resources */ = {isa = PBXBuildFile; fileRef = 13ABD0681EE10A1400E4DE2E /* LaunchScreen.storyboard */; };
		13ABD0751EE10A1400E4DE2E /* ImageToGifTests.m in Sources */ = {isa = PBXBuildFile; fileRef = 13ABD0741EE10A1400E4DE2E /* ImageToGifTests.m */; };
		13ABD0801EE10A1400E4DE2E /* ImageToGifUITests.m in Sources */ = {isa = PBXBuildFile; fileRef = 13ABD07F1EE10A1400E4DE2E /* ImageToGifUITests.m */; };
		29E7AACC5E40AA3832D8E6C0 /* libPods-ImageToGif.a in Frameworks */ = {isa = PBXBuildFile; fileRef = 37283473C0D2F57C806C1B1C /* libPods-ImageToGif.a */; };
		4E7B450996225BFF7E90DDEC /* libPods-ImageToGifUITests.a in Frameworks */ = {isa = PBXBuildFile; fileRef = 9ACA415EBF9A1E2192504702 /* libPods-ImageToGifUITests.a */; };
		8D73DD2B4AEC426B853C5483 /* libPods-ImageToGifTests.a in Frameworks */ = {isa = PBXBuildFile; fileRef = C72C84916C302ED3FE74C6F9 /* libPods-ImageToGifTests.a */; };
/* End PBXBuildFile section */

/* Begin PBXContainerItemProxy section */
		13ABD0711EE10A1400E4DE2E /* PBXContainerItemProxy */ = {
			isa = PBXContainerItemProxy;
			containerPortal = 13ABD04F1EE10A1400E4DE2E /* Project object */;
			proxyType = 1;
			remoteGlobalIDString = 13ABD0561EE10A1400E4DE2E;
			remoteInfo = ImageToGif;
		};
		13ABD07C1EE10A1400E4DE2E /* PBXContainerItemProxy */ = {
			isa = PBXContainerItemProxy;
			containerPortal = 13ABD04F1EE10A1400E4DE2E /* Project object */;
			proxyType = 1;
			remoteGlobalIDString = 13ABD0561EE10A1400E4DE2E;
			remoteInfo = ImageToGif;
		};
/* End PBXContainerItemProxy section */

/* Begin PBXFileReference section */
		13ABD0571EE10A1400E4DE2E /* ImageToGif.app */ = {isa = PBXFileReference; explicitFileType = wrapper.application; includeInIndex = 0; path = ImageToGif.app; sourceTree = BUILT_PRODUCTS_DIR; };
		13ABD05B1EE10A1400E4DE2E /* main.m */ = {isa = PBXFileReference; lastKnownFileType = sourcecode.c.objc; path = main.m; sourceTree = "<group>"; };
		13ABD05D1EE10A1400E4DE2E /* AppDelegate.h */ = {isa = PBXFileReference; lastKnownFileType = sourcecode.c.h; path = AppDelegate.h; sourceTree = "<group>"; };
		13ABD05E1EE10A1400E4DE2E /* AppDelegate.m */ = {isa = PBXFileReference; lastKnownFileType = sourcecode.c.objc; path = AppDelegate.m; sourceTree = "<group>"; };
		13ABD0601EE10A1400E4DE2E /* ViewController.h */ = {isa = PBXFileReference; lastKnownFileType = sourcecode.c.h; path = ViewController.h; sourceTree = "<group>"; };
		13ABD0611EE10A1400E4DE2E /* ViewController.m */ = {isa = PBXFileReference; lastKnownFileType = sourcecode.c.objc; path = ViewController.m; sourceTree = "<group>"; };
		13ABD0641EE10A1400E4DE2E /* Base */ = {isa = PBXFileReference; lastKnownFileType = file.storyboard; name = Base; path = Base.lproj/Main.storyboard; sourceTree = "<group>"; };
		13ABD0661EE10A1400E4DE2E /* Assets.xcassets */ = {isa = PBXFileReference; lastKnownFileType = folder.assetcatalog; path = Assets.xcassets; sourceTree = "<group>"; };
		13ABD0691EE10A1400E4DE2E /* Base */ = {isa = PBXFileReference; lastKnownFileType = file.storyboard; name = Base; path = Base.lproj/LaunchScreen.storyboard; sourceTree = "<group>"; };
		13ABD06B1EE10A1400E4DE2E /* Info.plist */ = {isa = PBXFileReference; lastKnownFileType = text.plist.xml; path = Info.plist; sourceTree = "<group>"; };
		13ABD0701EE10A1400E4DE2E /* ImageToGifTests.xctest */ = {isa = PBXFileReference; explicitFileType = wrapper.cfbundle; includeInIndex = 0; path = ImageToGifTests.xctest; sourceTree = BUILT_PRODUCTS_DIR; };
		13ABD0741EE10A1400E4DE2E /* ImageToGifTests.m */ = {isa = PBXFileReference; lastKnownFileType = sourcecode.c.objc; path = ImageToGifTests.m; sourceTree = "<group>"; };
		13ABD0761EE10A1400E4DE2E /* Info.plist */ = {isa = PBXFileReference; lastKnownFileType = text.plist.xml; path = Info.plist; sourceTree = "<group>"; };
		13ABD07B1EE10A1400E4DE2E /* ImageToGifUITests.xctest */ = {isa = PBXFileReference; explicitFileType = wrapper.cfbundle; includeInIndex = 0; path = ImageToGifUITests.xctest; sourceTree = BUILT_PRODUCTS_DIR; };
		13ABD07F1EE10A1400E4DE2E /* ImageToGifUITests.m */ = {isa = PBXFileReference; lastKnownFileType = sourcecode.c.objc; path = ImageToGifUITests.m; sourceTree = "<group>"; };
		13ABD0811EE10A1400E4DE2E /* Info.plist */ = {isa = PBXFileReference; lastKnownFileType = text.plist.xml; path = Info.plist; sourceTree = "<group>"; };
		24C7EF645BABDEB9F3CECB7F /* Pods-ImageToGifUITests.debug.xcconfig */ = {isa = PBXFileReference; includeInIndex = 1; lastKnownFileType = text.xcconfig; name = "Pods-ImageToGifUITests.debug.xcconfig"; path = "Pods/Target Support Files/Pods-ImageToGifUITests/Pods-ImageToGifUITests.debug.xcconfig"; sourceTree = "<group>"; };
		37283473C0D2F57C806C1B1C /* libPods-ImageToGif.a */ = {isa = PBXFileReference; explicitFileType = archive.ar; includeInIndex = 0; path = "libPods-ImageToGif.a"; sourceTree = BUILT_PRODUCTS_DIR; };
		77A5374C0E844F861237B32E /* Pods-ImageToGifTests.debug.xcconfig */ = {isa = PBXFileReference; includeInIndex = 1; lastKnownFileType = text.xcconfig; name = "Pods-ImageToGifTests.debug.xcconfig"; path = "Pods/Target Support Files/Pods-ImageToGifTests/Pods-ImageToGifTests.debug.xcconfig"; sourceTree = "<group>"; };
		7B2A5FCBAC63192B1197EDAD /* Pods-ImageToGifUITests.release.xcconfig */ = {isa = PBXFileReference; includeInIndex = 1; lastKnownFileType = text.xcconfig; name = "Pods-ImageToGifUITests.release.xcconfig"; path = "Pods/Target Support Files/Pods-ImageToGifUITests/Pods-ImageToGifUITests.release.xcconfig"; sourceTree = "<group>"; };
		8B5122A21677E6F20935C925 /* Pods-ImageToGif.debug.xcconfig */ = {isa = PBXFileReference; includeInIndex = 1; lastKnownFileType = text.xcconfig; name = "Pods-ImageToGif.debug.xcconfig"; path = "Pods/Target Support Files/Pods-ImageToGif/Pods-ImageToGif.debug.xcconfig"; sourceTree = "<group>"; };
		9ACA415EBF9A1E2192504702 /* libPods-ImageToGifUITests.a */ = {isa = PBXFileReference; explicitFileType = archive.ar; includeInIndex = 0; path = "libPods-ImageToGifUITests.a"; sourceTree = BUILT_PRODUCTS_DIR; };
		B1F46FBE4267E1D4304B159A /* Pods-ImageToGif.release.xcconfig */ = {isa = PBXFileReference; includeInIndex = 1; lastKnownFileType = text.xcconfig; name = "Pods-ImageToGif.release.xcconfig"; path = "Pods/Target Support Files/Pods-ImageToGif/Pods-ImageToGif.release.xcconfig"; sourceTree = "<group>"; };
		C62664D58A8A0BABBD0FC7AA /* Pods-ImageToGifTests.release.xcconfig */ = {isa = PBXFileReference; includeInIndex = 1; lastKnownFileType = text.xcconfig; name = "Pods-ImageToGifTests.release.xcconfig"; path = "Pods/Target Support Files/Pods-ImageToGifTests/Pods-ImageToGifTests.release.xcconfig"; sourceTree = "<group>"; };
		C72C84916C302ED3FE74C6F9 /* libPods-ImageToGifTests.a */ = {isa = PBXFileReference; explicitFileType = archive.ar; includeInIndex = 0; path = "libPods-ImageToGifTests.a"; sourceTree = BUILT_PRODUCTS_DIR; };
/* End PBXFileReference section */

/* Begin PBXFrameworksBuildPhase section */
		13ABD0541EE10A1400E4DE2E /* Frameworks */ = {
			isa = PBXFrameworksBuildPhase;
			buildActionMask = 2147483647;
			files = (
				29E7AACC5E40AA3832D8E6C0 /* libPods-ImageToGif.a in Frameworks */,
			);
			runOnlyForDeploymentPostprocessing = 0;
		};
		13ABD06D1EE10A1400E4DE2E /* Frameworks */ = {
			isa = PBXFrameworksBuildPhase;
			buildActionMask = 2147483647;
			files = (
				8D73DD2B4AEC426B853C5483 /* libPods-ImageToGifTests.a in Frameworks */,
			);
			runOnlyForDeploymentPostprocessing = 0;
		};
		13ABD0781EE10A1400E4DE2E /* Frameworks */ = {
			isa = PBXFrameworksBuildPhase;
			buildActionMask = 2147483647;
			files = (
				4E7B450996225BFF7E90DDEC /* libPods-ImageToGifUITests.a in Frameworks */,
			);
			runOnlyForDeploymentPostprocessing = 0;
		};
/* End PBXFrameworksBuildPhase section */

/* Begin PBXGroup section */
		13ABD04E1EE10A1400E4DE2E = {
			isa = PBXGroup;
			children = (
				13ABD0591EE10A1400E4DE2E /* ImageToGif */,
				13ABD0731EE10A1400E4DE2E /* ImageToGifTests */,
				13ABD07E1EE10A1400E4DE2E /* ImageToGifUITests */,
				13ABD0581EE10A1400E4DE2E /* Products */,
				931CA91F692C4C94D69C92E3 /* Pods */,
				E404B2BF7916CCA1E338CD15 /* Frameworks */,
			);
			sourceTree = "<group>";
		};
		13ABD0581EE10A1400E4DE2E /* Products */ = {
			isa = PBXGroup;
			children = (
				13ABD0571EE10A1400E4DE2E /* ImageToGif.app */,
				13ABD0701EE10A1400E4DE2E /* ImageToGifTests.xctest */,
				13ABD07B1EE10A1400E4DE2E /* ImageToGifUITests.xctest */,
			);
			name = Products;
			sourceTree = "<group>";
		};
		13ABD0591EE10A1400E4DE2E /* ImageToGif */ = {
			isa = PBXGroup;
			children = (
				13ABD05D1EE10A1400E4DE2E /* AppDelegate.h */,
				13ABD05E1EE10A1400E4DE2E /* AppDelegate.m */,
				13ABD0601EE10A1400E4DE2E /* ViewController.h */,
				13ABD0611EE10A1400E4DE2E /* ViewController.m */,
				13ABD0631EE10A1400E4DE2E /* Main.storyboard */,
				13ABD0661EE10A1400E4DE2E /* Assets.xcassets */,
				13ABD0681EE10A1400E4DE2E /* LaunchScreen.storyboard */,
				13ABD06B1EE10A1400E4DE2E /* Info.plist */,
				13ABD05A1EE10A1400E4DE2E /* Supporting Files */,
			);
			path = ImageToGif;
			sourceTree = "<group>";
		};
		13ABD05A1EE10A1400E4DE2E /* Supporting Files */ = {
			isa = PBXGroup;
			children = (
				13ABD05B1EE10A1400E4DE2E /* main.m */,
			);
			name = "Supporting Files";
			sourceTree = "<group>";
		};
		13ABD0731EE10A1400E4DE2E /* ImageToGifTests */ = {
			isa = PBXGroup;
			children = (
				13ABD0741EE10A1400E4DE2E /* ImageToGifTests.m */,
				13ABD0761EE10A1400E4DE2E /* Info.plist */,
			);
			path = ImageToGifTests;
			sourceTree = "<group>";
		};
		13ABD07E1EE10A1400E4DE2E /* ImageToGifUITests */ = {
			isa = PBXGroup;
			children = (
				13ABD07F1EE10A1400E4DE2E /* ImageToGifUITests.m */,
				13ABD0811EE10A1400E4DE2E /* Info.plist */,
			);
			path = ImageToGifUITests;
			sourceTree = "<group>";
		};
		931CA91F692C4C94D69C92E3 /* Pods */ = {
			isa = PBXGroup;
			children = (
				8B5122A21677E6F20935C925 /* Pods-ImageToGif.debug.xcconfig */,
				B1F46FBE4267E1D4304B159A /* Pods-ImageToGif.release.xcconfig */,
				77A5374C0E844F861237B32E /* Pods-ImageToGifTests.debug.xcconfig */,
				C62664D58A8A0BABBD0FC7AA /* Pods-ImageToGifTests.release.xcconfig */,
				24C7EF645BABDEB9F3CECB7F /* Pods-ImageToGifUITests.debug.xcconfig */,
				7B2A5FCBAC63192B1197EDAD /* Pods-ImageToGifUITests.release.xcconfig */,
			);
			name = Pods;
			sourceTree = "<group>";
		};
		E404B2BF7916CCA1E338CD15 /* Frameworks */ = {
			isa = PBXGroup;
			children = (
				37283473C0D2F57C806C1B1C /* libPods-ImageToGif.a */,
				C72C84916C302ED3FE74C6F9 /* libPods-ImageToGifTests.a */,
				9ACA415EBF9A1E2192504702 /* libPods-ImageToGifUITests.a */,
			);
			name = Frameworks;
			sourceTree = "<group>";
		};
/* End PBXGroup section */

/* Begin PBXNativeTarget section */
		13ABD0561EE10A1400E4DE2E /* ImageToGif */ = {
			isa = PBXNativeTarget;
			buildConfigurationList = 13ABD0841EE10A1400E4DE2E /* Build configuration list for PBXNativeTarget "ImageToGif" */;
			buildPhases = (
				0767DCFF8F863CB783C9721B /* [CP] Check Pods Manifest.lock */,
				13ABD0531EE10A1400E4DE2E /* Sources */,
				13ABD0541EE10A1400E4DE2E /* Frameworks */,
				13ABD0551EE10A1400E4DE2E /* Resources */,
				B398A2940A99B948B0BBB9EA /* [CP] Embed Pods Frameworks */,
				1DCEB27A5ECFB40F17C05479 /* [CP] Copy Pods Resources */,
			);
			buildRules = (
			);
			dependencies = (
			);
			name = ImageToGif;
			productName = ImageToGif;
			productReference = 13ABD0571EE10A1400E4DE2E /* ImageToGif.app */;
			productType = "com.apple.product-type.application";
		};
		13ABD06F1EE10A1400E4DE2E /* ImageToGifTests */ = {
			isa = PBXNativeTarget;
			buildConfigurationList = 13ABD0871EE10A1400E4DE2E /* Build configuration list for PBXNativeTarget "ImageToGifTests" */;
			buildPhases = (
				C1B174B1B83A90360F2A192E /* [CP] Check Pods Manifest.lock */,
				13ABD06C1EE10A1400E4DE2E /* Sources */,
				13ABD06D1EE10A1400E4DE2E /* Frameworks */,
				13ABD06E1EE10A1400E4DE2E /* Resources */,
				A890B4D8A441D7CE532813AF /* [CP] Embed Pods Frameworks */,
				04E5FADDF40506FECB81C551 /* [CP] Copy Pods Resources */,
			);
			buildRules = (
			);
			dependencies = (
				13ABD0721EE10A1400E4DE2E /* PBXTargetDependency */,
			);
			name = ImageToGifTests;
			productName = ImageToGifTests;
			productReference = 13ABD0701EE10A1400E4DE2E /* ImageToGifTests.xctest */;
			productType = "com.apple.product-type.bundle.unit-test";
		};
		13ABD07A1EE10A1400E4DE2E /* ImageToGifUITests */ = {
			isa = PBXNativeTarget;
			buildConfigurationList = 13ABD08A1EE10A1400E4DE2E /* Build configuration list for PBXNativeTarget "ImageToGifUITests" */;
			buildPhases = (
				81BCE4D200857C2768F98FF4 /* [CP] Check Pods Manifest.lock */,
				13ABD0771EE10A1400E4DE2E /* Sources */,
				13ABD0781EE10A1400E4DE2E /* Frameworks */,
				13ABD0791EE10A1400E4DE2E /* Resources */,
				A9BB3F930F4BAD6953A9F604 /* [CP] Embed Pods Frameworks */,
				A9E5C95B6AEB89EC8D6B40E3 /* [CP] Copy Pods Resources */,
			);
			buildRules = (
			);
			dependencies = (
				13ABD07D1EE10A1400E4DE2E /* PBXTargetDependency */,
			);
			name = ImageToGifUITests;
			productName = ImageToGifUITests;
			productReference = 13ABD07B1EE10A1400E4DE2E /* ImageToGifUITests.xctest */;
			productType = "com.apple.product-type.bundle.ui-testing";
		};
/* End PBXNativeTarget section */

/* Begin PBXProject section */
		13ABD04F1EE10A1400E4DE2E /* Project object */ = {
			isa = PBXProject;
			attributes = {
				LastUpgradeCheck = 0830;
				ORGANIZATIONNAME = Done.L;
				TargetAttributes = {
					13ABD0561EE10A1400E4DE2E = {
						CreatedOnToolsVersion = 8.3.1;
						DevelopmentTeam = FHGEW8E54N;
						ProvisioningStyle = Automatic;
					};
					13ABD06F1EE10A1400E4DE2E = {
						CreatedOnToolsVersion = 8.3.1;
						DevelopmentTeam = FHGEW8E54N;
						ProvisioningStyle = Automatic;
						TestTargetID = 13ABD0561EE10A1400E4DE2E;
					};
					13ABD07A1EE10A1400E4DE2E = {
						CreatedOnToolsVersion = 8.3.1;
						DevelopmentTeam = FHGEW8E54N;
						ProvisioningStyle = Automatic;
						TestTargetID = 13ABD0561EE10A1400E4DE2E;
					};
				};
			};
			buildConfigurationList = 13ABD0521EE10A1400E4DE2E /* Build configuration list for PBXProject "ImageToGif" */;
			compatibilityVersion = "Xcode 3.2";
			developmentRegion = English;
			hasScannedForEncodings = 0;
			knownRegions = (
				en,
				Base,
			);
			mainGroup = 13ABD04E1EE10A1400E4DE2E;
			productRefGroup = 13ABD0581EE10A1400E4DE2E /* Products */;
			projectDirPath = "";
			projectRoot = "";
			targets = (
				13ABD0561EE10A1400E4DE2E /* ImageToGif */,
				13ABD06F1EE10A1400E4DE2E /* ImageToGifTests */,
				13ABD07A1EE10A1400E4DE2E /* ImageToGifUITests */,
			);
		};
/* End PBXProject section */

/* Begin PBXResourcesBuildPhase section */
		13ABD0551EE10A1400E4DE2E /* Resources */ = {
			isa = PBXResourcesBuildPhase;
			buildActionMask = 2147483647;
			files = (
				13ABD06A1EE10A1400E4DE2E /* LaunchScreen.storyboard in Resources */,
				13ABD0671EE10A1400E4DE2E /* Assets.xcassets in Resources */,
				13ABD0651EE10A1400E4DE2E /* Main.storyboard in Resources */,
			);
			runOnlyForDeploymentPostprocessing = 0;
		};
		13ABD06E1EE10A1400E4DE2E /* Resources */ = {
			isa = PBXResourcesBuildPhase;
			buildActionMask = 2147483647;
			files = (
			);
			runOnlyForDeploymentPostprocessing = 0;
		};
		13ABD0791EE10A1400E4DE2E /* Resources */ = {
			isa = PBXResourcesBuildPhase;
			buildActionMask = 2147483647;
			files = (
			);
			runOnlyForDeploymentPostprocessing = 0;
		};
/* End PBXResourcesBuildPhase section */

/* Begin PBXShellScriptBuildPhase section */
		04E5FADDF40506FECB81C551 /* [CP] Copy Pods Resources */ = {
			isa = PBXShellScriptBuildPhase;
			buildActionMask = 2147483647;
			files = (
			);
			inputPaths = (
			);
			name = "[CP] Copy Pods Resources";
			outputPaths = (
			);
			runOnlyForDeploymentPostprocessing = 0;
			shellPath = /bin/sh;
			shellScript = "\"${SRCROOT}/Pods/Target Support Files/Pods-ImageToGifTests/Pods-ImageToGifTests-resources.sh\"\n";
			showEnvVarsInLog = 0;
		};
		0767DCFF8F863CB783C9721B /* [CP] Check Pods Manifest.lock */ = {
			isa = PBXShellScriptBuildPhase;
			buildActionMask = 2147483647;
			files = (
			);
			inputPaths = (
			);
			name = "[CP] Check Pods Manifest.lock";
			outputPaths = (
			);
			runOnlyForDeploymentPostprocessing = 0;
			shellPath = /bin/sh;
			shellScript = "diff \"${PODS_PODFILE_DIR_PATH}/Podfile.lock\" \"${PODS_ROOT}/Manifest.lock\" > /dev/null\nif [ $? != 0 ] ; then\n    # print error to STDERR\n    echo \"error: The sandbox is not in sync with the Podfile.lock. Run 'pod install' or update your CocoaPods installation.\" >&2\n    exit 1\nfi\n";
			showEnvVarsInLog = 0;
		};
		1DCEB27A5ECFB40F17C05479 /* [CP] Copy Pods Resources */ = {
			isa = PBXShellScriptBuildPhase;
			buildActionMask = 2147483647;
			files = (
			);
			inputPaths = (
			);
			name = "[CP] Copy Pods Resources";
			outputPaths = (
			);
			runOnlyForDeploymentPostprocessing = 0;
			shellPath = /bin/sh;
			shellScript = "\"${SRCROOT}/Pods/Target Support Files/Pods-ImageToGif/Pods-ImageToGif-resources.sh\"\n";
			showEnvVarsInLog = 0;
		};
		81BCE4D200857C2768F98FF4 /* [CP] Check Pods Manifest.lock */ = {
			isa = PBXShellScriptBuildPhase;
			buildActionMask = 2147483647;
			files = (
			);
			inputPaths = (
			);
			name = "[CP] Check Pods Manifest.lock";
			outputPaths = (
			);
			runOnlyForDeploymentPostprocessing = 0;
			shellPath = /bin/sh;
			shellScript = "diff \"${PODS_PODFILE_DIR_PATH}/Podfile.lock\" \"${PODS_ROOT}/Manifest.lock\" > /dev/null\nif [ $? != 0 ] ; then\n    # print error to STDERR\n    echo \"error: The sandbox is not in sync with the Podfile.lock. Run 'pod install' or update your CocoaPods installation.\" >&2\n    exit 1\nfi\n";
			showEnvVarsInLog = 0;
		};
		A890B4D8A441D7CE532813AF /* [CP] Embed Pods Frameworks */ = {
			isa = PBXShellScriptBuildPhase;
			buildActionMask = 2147483647;
			files = (
			);
			inputPaths = (
			);
			name = "[CP] Embed Pods Frameworks";
			outputPaths = (
			);
			runOnlyForDeploymentPostprocessing = 0;
			shellPath = /bin/sh;
			shellScript = "\"${SRCROOT}/Pods/Target Support Files/Pods-ImageToGifTests/Pods-ImageToGifTests-frameworks.sh\"\n";
			showEnvVarsInLog = 0;
		};
		A9BB3F930F4BAD6953A9F604 /* [CP] Embed Pods Frameworks */ = {
			isa = PBXShellScriptBuildPhase;
			buildActionMask = 2147483647;
			files = (
			);
			inputPaths = (
			);
			name = "[CP] Embed Pods Frameworks";
			outputPaths = (
			);
			runOnlyForDeploymentPostprocessing = 0;
			shellPath = /bin/sh;
			shellScript = "\"${SRCROOT}/Pods/Target Support Files/Pods-ImageToGifUITests/Pods-ImageToGifUITests-frameworks.sh\"\n";
			showEnvVarsInLog = 0;
		};
		A9E5C95B6AEB89EC8D6B40E3 /* [CP] Copy Pods Resources */ = {
			isa = PBXShellScriptBuildPhase;
			buildActionMask = 2147483647;
			files = (
			);
			inputPaths = (
			);
			name = "[CP] Copy Pods Resources";
			outputPaths = (
			);
			runOnlyForDeploymentPostprocessing = 0;
			shellPath = /bin/sh;
			shellScript = "\"${SRCROOT}/Pods/Target Support Files/Pods-ImageToGifUITests/Pods-ImageToGifUITests-resources.sh\"\n";
			showEnvVarsInLog = 0;
		};
		B398A2940A99B948B0BBB9EA /* [CP] Embed Pods Frameworks */ = {
			isa = PBXShellScriptBuildPhase;
			buildActionMask = 2147483647;
			files = (
			);
			inputPaths = (
			);
			name = "[CP] Embed Pods Frameworks";
			outputPaths = (
			);
			runOnlyForDeploymentPostprocessing = 0;
			shellPath = /bin/sh;
			shellScript = "\"${SRCROOT}/Pods/Target Support Files/Pods-ImageToGif/Pods-ImageToGif-frameworks.sh\"\n";
			showEnvVarsInLog = 0;
		};
		C1B174B1B83A90360F2A192E /* [CP] Check Pods Manifest.lock */ = {
			isa = PBXShellScriptBuildPhase;
			buildActionMask = 2147483647;
			files = (
			);
			inputPaths = (
			);
			name = "[CP] Check Pods Manifest.lock";
			outputPaths = (
			);
			runOnlyForDeploymentPostprocessing = 0;
			shellPath = /bin/sh;
			shellScript = "diff \"${PODS_PODFILE_DIR_PATH}/Podfile.lock\" \"${PODS_ROOT}/Manifest.lock\" > /dev/null\nif [ $? != 0 ] ; then\n    # print error to STDERR\n    echo \"error: The sandbox is not in sync with the Podfile.lock. Run 'pod install' or update your CocoaPods installation.\" >&2\n    exit 1\nfi\n";
			showEnvVarsInLog = 0;
		};
/* End PBXShellScriptBuildPhase section */

/* Begin PBXSourcesBuildPhase section */
		13ABD0531EE10A1400E4DE2E /* Sources */ = {
			isa = PBXSourcesBuildPhase;
			buildActionMask = 2147483647;
			files = (
				13ABD0621EE10A1400E4DE2E /* ViewController.m in Sources */,
				13ABD05F1EE10A1400E4DE2E /* AppDelegate.m in Sources */,
				13ABD05C1EE10A1400E4DE2E /* main.m in Sources */,
			);
			runOnlyForDeploymentPostprocessing = 0;
		};
		13ABD06C1EE10A1400E4DE2E /* Sources */ = {
			isa = PBXSourcesBuildPhase;
			buildActionMask = 2147483647;
			files = (
				13ABD0751EE10A1400E4DE2E /* ImageToGifTests.m in Sources */,
			);
			runOnlyForDeploymentPostprocessing = 0;
		};
		13ABD0771EE10A1400E4DE2E /* Sources */ = {
			isa = PBXSourcesBuildPhase;
			buildActionMask = 2147483647;
			files = (
				13ABD0801EE10A1400E4DE2E /* ImageToGifUITests.m in Sources */,
			);
			runOnlyForDeploymentPostprocessing = 0;
		};
/* End PBXSourcesBuildPhase section */

/* Begin PBXTargetDependency section */
		13ABD0721EE10A1400E4DE2E /* PBXTargetDependency */ = {
			isa = PBXTargetDependency;
			target = 13ABD0561EE10A1400E4DE2E /* ImageToGif */;
			targetProxy = 13ABD0711EE10A1400E4DE2E /* PBXContainerItemProxy */;
		};
		13ABD07D1EE10A1400E4DE2E /* PBXTargetDependency */ = {
			isa = PBXTargetDependency;
			target = 13ABD0561EE10A1400E4DE2E /* ImageToGif */;
			targetProxy = 13ABD07C1EE10A1400E4DE2E /* PBXContainerItemProxy */;
		};
/* End PBXTargetDependency section */

/* Begin PBXVariantGroup section */
		13ABD0631EE10A1400E4DE2E /* Main.storyboard */ = {
			isa = PBXVariantGroup;
			children = (
				13ABD0641EE10A1400E4DE2E /* Base */,
			);
			name = Main.storyboard;
			sourceTree = "<group>";
		};
		13ABD0681EE10A1400E4DE2E /* LaunchScreen.storyboard */ = {
			isa = PBXVariantGroup;
			children = (
				13ABD0691EE10A1400E4DE2E /* Base */,
			);
			name = LaunchScreen.storyboard;
			sourceTree = "<group>";
		};
/* End PBXVariantGroup section */

/* Begin XCBuildConfiguration section */
		13ABD0821EE10A1400E4DE2E /* Debug */ = {
			isa = XCBuildConfiguration;
			buildSettings = {
				ALWAYS_SEARCH_USER_PATHS = NO;
				CLANG_ANALYZER_NONNULL = YES;
				CLANG_ANALYZER_NUMBER_OBJECT_CONVERSION = YES_AGGRESSIVE;
				CLANG_CXX_LANGUAGE_STANDARD = "gnu++0x";
				CLANG_CXX_LIBRARY = "libc++";
				CLANG_ENABLE_MODULES = YES;
				CLANG_ENABLE_OBJC_ARC = YES;
				CLANG_WARN_BOOL_CONVERSION = YES;
				CLANG_WARN_CONSTANT_CONVERSION = YES;
				CLANG_WARN_DIRECT_OBJC_ISA_USAGE = YES_ERROR;
				CLANG_WARN_DOCUMENTATION_COMMENTS = YES;
				CLANG_WARN_EMPTY_BODY = YES;
				CLANG_WARN_ENUM_CONVERSION = YES;
				CLANG_WARN_INFINITE_RECURSION = YES;
				CLANG_WARN_INT_CONVERSION = YES;
				CLANG_WARN_OBJC_ROOT_CLASS = YES_ERROR;
				CLANG_WARN_SUSPICIOUS_MOVE = YES;
				CLANG_WARN_UNREACHABLE_CODE = YES;
				CLANG_WARN__DUPLICATE_METHOD_MATCH = YES;
				"CODE_SIGN_IDENTITY[sdk=iphoneos*]" = "iPhone Developer";
				COPY_PHASE_STRIP = NO;
				DEBUG_INFORMATION_FORMAT = dwarf;
				ENABLE_STRICT_OBJC_MSGSEND = YES;
				ENABLE_TESTABILITY = YES;
				GCC_C_LANGUAGE_STANDARD = gnu99;
				GCC_DYNAMIC_NO_PIC = NO;
				GCC_NO_COMMON_BLOCKS = YES;
				GCC_OPTIMIZATION_LEVEL = 0;
				GCC_PREPROCESSOR_DEFINITIONS = (
					"DEBUG=1",
					"$(inherited)",
				);
				GCC_WARN_64_TO_32_BIT_CONVERSION = YES;
				GCC_WARN_ABOUT_RETURN_TYPE = YES_ERROR;
				GCC_WARN_UNDECLARED_SELECTOR = YES;
				GCC_WARN_UNINITIALIZED_AUTOS = YES_AGGRESSIVE;
				GCC_WARN_UNUSED_FUNCTION = YES;
				GCC_WARN_UNUSED_VARIABLE = YES;
				IPHONEOS_DEPLOYMENT_TARGET = 10.3;
				MTL_ENABLE_DEBUG_INFO = YES;
				ONLY_ACTIVE_ARCH = YES;
				SDKROOT = iphoneos;
				TARGETED_DEVICE_FAMILY = "1,2";
			};
			name = Debug;
		};
		13ABD0831EE10A1400E4DE2E /* Release */ = {
			isa = XCBuildConfiguration;
			buildSettings = {
				ALWAYS_SEARCH_USER_PATHS = NO;
				CLANG_ANALYZER_NONNULL = YES;
				CLANG_ANALYZER_NUMBER_OBJECT_CONVERSION = YES_AGGRESSIVE;
				CLANG_CXX_LANGUAGE_STANDARD = "gnu++0x";
				CLANG_CXX_LIBRARY = "libc++";
				CLANG_ENABLE_MODULES = YES;
				CLANG_ENABLE_OBJC_ARC = YES;
				CLANG_WARN_BOOL_CONVERSION = YES;
				CLANG_WARN_CONSTANT_CONVERSION = YES;
				CLANG_WARN_DIRECT_OBJC_ISA_USAGE = YES_ERROR;
				CLANG_WARN_DOCUMENTATION_COMMENTS = YES;
				CLANG_WARN_EMPTY_BODY = YES;
				CLANG_WARN_ENUM_CONVERSION = YES;
				CLANG_WARN_INFINITE_RECURSION = YES;
				CLANG_WARN_INT_CONVERSION = YES;
				CLANG_WARN_OBJC_ROOT_CLASS = YES_ERROR;
				CLANG_WARN_SUSPICIOUS_MOVE = YES;
				CLANG_WARN_UNREACHABLE_CODE = YES;
				CLANG_WARN__DUPLICATE_METHOD_MATCH = YES;
				"CODE_SIGN_IDENTITY[sdk=iphoneos*]" = "iPhone Developer";
				COPY_PHASE_STRIP = NO;
				DEBUG_INFORMATION_FORMAT = "dwarf-with-dsym";
				ENABLE_NS_ASSERTIONS = NO;
				ENABLE_STRICT_OBJC_MSGSEND = YES;
				GCC_C_LANGUAGE_STANDARD = gnu99;
				GCC_NO_COMMON_BLOCKS = YES;
				GCC_WARN_64_TO_32_BIT_CONVERSION = YES;
				GCC_WARN_ABOUT_RETURN_TYPE = YES_ERROR;
				GCC_WARN_UNDECLARED_SELECTOR = YES;
				GCC_WARN_UNINITIALIZED_AUTOS = YES_AGGRESSIVE;
				GCC_WARN_UNUSED_FUNCTION = YES;
				GCC_WARN_UNUSED_VARIABLE = YES;
				IPHONEOS_DEPLOYMENT_TARGET = 10.3;
				MTL_ENABLE_DEBUG_INFO = NO;
				SDKROOT = iphoneos;
				TARGETED_DEVICE_FAMILY = "1,2";
				VALIDATE_PRODUCT = YES;
			};
			name = Release;
		};
		13ABD0851EE10A1400E4DE2E /* Debug */ = {
			isa = XCBuildConfiguration;
			baseConfigurationReference = 8B5122A21677E6F20935C925 /* Pods-ImageToGif.debug.xcconfig */;
			buildSettings = {
				ASSETCATALOG_COMPILER_APPICON_NAME = AppIcon;
				CODE_SIGN_IDENTITY = "";
				"CODE_SIGN_IDENTITY[sdk=iphoneos*]" = "iPhone Developer";
				DEVELOPMENT_TEAM = FHGEW8E54N;
				INFOPLIST_FILE = ImageToGif/Info.plist;
				LD_RUNPATH_SEARCH_PATHS = "$(inherited) @executable_path/Frameworks";
				PRODUCT_BUNDLE_IDENTIFIER = com.qiyoukeji.fastlane.test;
				PRODUCT_NAME = "$(TARGET_NAME)";
				PROVISIONING_PROFILE = "";
				PROVISIONING_PROFILE_SPECIFIER = "";
			};
			name = Debug;
		};
		13ABD0861EE10A1400E4DE2E /* Release */ = {
			isa = XCBuildConfiguration;
			baseConfigurationReference = B1F46FBE4267E1D4304B159A /* Pods-ImageToGif.release.xcconfig */;
			buildSettings = {
				ASSETCATALOG_COMPILER_APPICON_NAME = AppIcon;
				CODE_SIGN_IDENTITY = "";
				"CODE_SIGN_IDENTITY[sdk=iphoneos*]" = "iPhone Developer";
				DEVELOPMENT_TEAM = FHGEW8E54N;
				INFOPLIST_FILE = ImageToGif/Info.plist;
				LD_RUNPATH_SEARCH_PATHS = "$(inherited) @executable_path/Frameworks";
				PRODUCT_BUNDLE_IDENTIFIER = com.qiyoukeji.fastlane.test;
				PRODUCT_NAME = "$(TARGET_NAME)";
				PROVISIONING_PROFILE = "";
				PROVISIONING_PROFILE_SPECIFIER = "";
			};
			name = Release;
		};
		13ABD0881EE10A1400E4DE2E /* Debug */ = {
			isa = XCBuildConfiguration;
			baseConfigurationReference = 77A5374C0E844F861237B32E /* Pods-ImageToGifTests.debug.xcconfig */;
			buildSettings = {
				BUNDLE_LOADER = "$(TEST_HOST)";
				DEVELOPMENT_TEAM = FHGEW8E54N;
				INFOPLIST_FILE = ImageToGifTests/Info.plist;
				LD_RUNPATH_SEARCH_PATHS = "$(inherited) @executable_path/Frameworks @loader_path/Frameworks";
				PRODUCT_BUNDLE_IDENTIFIER = www.lpChina.com.ImageToGifTests;
				PRODUCT_NAME = "$(TARGET_NAME)";
				TEST_HOST = "$(BUILT_PRODUCTS_DIR)/ImageToGif.app/ImageToGif";
			};
			name = Debug;
		};
		13ABD0891EE10A1400E4DE2E /* Release */ = {
			isa = XCBuildConfiguration;
			baseConfigurationReference = C62664D58A8A0BABBD0FC7AA /* Pods-ImageToGifTests.release.xcconfig */;
			buildSettings = {
				BUNDLE_LOADER = "$(TEST_HOST)";
				DEVELOPMENT_TEAM = FHGEW8E54N;
				INFOPLIST_FILE = ImageToGifTests/Info.plist;
				LD_RUNPATH_SEARCH_PATHS = "$(inherited) @executable_path/Frameworks @loader_path/Frameworks";
				PRODUCT_BUNDLE_IDENTIFIER = www.lpChina.com.ImageToGifTests;
				PRODUCT_NAME = "$(TARGET_NAME)";
				TEST_HOST = "$(BUILT_PRODUCTS_DIR)/ImageToGif.app/ImageToGif";
			};
			name = Release;
		};
		13ABD08B1EE10A1400E4DE2E /* Debug */ = {
			isa = XCBuildConfiguration;
			baseConfigurationReference = 24C7EF645BABDEB9F3CECB7F /* Pods-ImageToGifUITests.debug.xcconfig */;
			buildSettings = {
				DEVELOPMENT_TEAM = FHGEW8E54N;
				INFOPLIST_FILE = ImageToGifUITests/Info.plist;
				LD_RUNPATH_SEARCH_PATHS = "$(inherited) @executable_path/Frameworks @loader_path/Frameworks";
				PRODUCT_BUNDLE_IDENTIFIER = www.lpChina.com.ImageToGifUITests;
				PRODUCT_NAME = "$(TARGET_NAME)";
				TEST_TARGET_NAME = ImageToGif;
			};
			name = Debug;
		};
		13ABD08C1EE10A1400E4DE2E /* Release */ = {
			isa = XCBuildConfiguration;
			baseConfigurationReference = 7B2A5FCBAC63192B1197EDAD /* Pods-ImageToGifUITests.release.xcconfig */;
			buildSettings = {
				DEVELOPMENT_TEAM = FHGEW8E54N;
				INFOPLIST_FILE = ImageToGifUITests/Info.plist;
				LD_RUNPATH_SEARCH_PATHS = "$(inherited) @executable_path/Frameworks @loader_path/Frameworks";
				PRODUCT_BUNDLE_IDENTIFIER = www.lpChina.com.ImageToGifUITests;
				PRODUCT_NAME = "$(TARGET_NAME)";
				TEST_TARGET_NAME = ImageToGif;
			};
			name = Release;
		};
/* End XCBuildConfiguration section */

/* Begin XCConfigurationList section */
		13ABD0521EE10A1400E4DE2E /* Build configuration list for PBXProject "ImageToGif" */ = {
			isa = XCConfigurationList;
			buildConfigurations = (
				13ABD0821EE10A1400E4DE2E /* Debug */,
				13ABD0831EE10A1400E4DE2E /* Release */,
			);
			defaultConfigurationIsVisible = 0;
			defaultConfigurationName = Release;
		};
		13ABD0841EE10A1400E4DE2E /* Build configuration list for PBXNativeTarget "ImageToGif" */ = {
			isa = XCConfigurationList;
			buildConfigurations = (
				13ABD0851EE10A1400E4DE2E /* Debug */,
				13ABD0861EE10A1400E4DE2E /* Release */,
			);
			defaultConfigurationIsVisible = 0;
			defaultConfigurationName = Release;
		};
		13ABD0871EE10A1400E4DE2E /* Build configuration list for PBXNativeTarget "ImageToGifTests" */ = {
			isa = XCConfigurationList;
			buildConfigurations = (
				13ABD0881EE10A1400E4DE2E /* Debug */,
				13ABD0891EE10A1400E4DE2E /* Release */,
			);
			defaultConfigurationIsVisible = 0;
			defaultConfigurationName = Release;
		};
		13ABD08A1EE10A1400E4DE2E /* Build configuration list for PBXNativeTarget "ImageToGifUITests" */ = {
			isa = XCConfigurationList;
			buildConfigurations = (
				13ABD08B1EE10A1400E4DE2E /* Debug */,
				13ABD08C1EE10A1400E4DE2E /* Release */,
			);
			defaultConfigurationIsVisible = 0;
			defaultConfigurationName = Release;
		};
/* End XCConfigurationList section */
	};
	rootObject = 13ABD04F1EE10A1400E4DE2E /* Project object */;
}
